
Microsoft Visual Studio Solution File, Format Version 12.00
# Visual Studio 2013
VisualStudioVersion = 12.0.30501.0
MinimumVisualStudioVersion = 10.0.40219.1
Project("{FAE04EC0-301F-11D3-BF4B-00C04F79EFBC}") = "assignment3", "assignment3\assignment3.csproj", "{2D95EDF9-A07E-4957-9560-61572651524F}"
EndProject
Project("{FAE04EC0-301F-11D3-BF4B-00C04F79EFBC}") = "assignment3Test", "assignment3Test\assignment3Test.csproj", "{3118453F-82A1-4F07-9320-0E8C788C35B7}"
EndProject
Global
	GlobalSection(SolutionConfigurationPlatforms) = preSolution
		Debug|Any CPU = Debug|Any CPU
		Release|Any CPU = Release|Any CPU
	EndGlobalSection
	GlobalSection(ProjectConfigurationPlatforms) = postSolution
		{2D95EDF9-A07E-4957-9560-61572651524F}.Debug|Any CPU.ActiveCfg = Debug|Any CPU
		{2D95EDF9-A07E-4957-9560-61572651524F}.Debug|Any CPU.Build.0 = Debug|Any CPU
		{2D95EDF9-A07E-4957-9560-61572651524F}.Release|Any CPU.ActiveCfg = Release|Any CPU
		{2D95EDF9-A07E-4957-9560-61572651524F}.Release|Any CPU.Build.0 = Release|Any CPU
		{3118453F-82A1-4F07-9320-0E8C788C35B7}.Debug|Any CPU.ActiveCfg = Debug|Any CPU
		{3118453F-82A1-4F07-9320-0E8C788C35B7}.Debug|Any CPU.Build.0 = Debug|Any CPU
		{3118453F-82A1-4F07-9320-0E8C788C35B7}.Release|Any CPU.ActiveCfg = Release|Any CPU
		{3118453F-82A1-4F07-9320-0E8C788C35B7}.Release|Any CPU.Build.0 = Release|Any CPU
	EndGlobalSection
	GlobalSection(SolutionProperties) = preSolution
		HideSolutionNode = FALSE
	EndGlobalSection
EndGlobal
